lockfileVersion: 5.4

importers:

  .:
    specifiers:
      prettier: latest
    devDependencies:
      prettier: 2.8.0

  examples/test-types:
    specifiers:
      '@sidex/types': workspace:^0.1.0
      typescript: ^4.8.4
    dependencies:
      '@sidex/types': link:../../packages/types
    devDependencies:
      typescript: 4.9.3

  packages/types:
    specifiers:
      typescript: ^4.8.4
    devDependencies:
      typescript: 4.9.3

packages:

  /prettier/2.8.0:
    resolution: {integrity: sha512-9Lmg8hTFZKG0Asr/kW9Bp8tJjRVluO8EJQVfY2T7FMw9T5jy4I/Uvx0Rca/XWf50QQ1/SS48+6IJWnrb+2yemA==}
    engines: {node: '>=10.13.0'}
    hasBin: true
    dev: true

  /typescript/4.9.3:
    resolution: {integrity: sha512-CIfGzTelbKNEnLpLdGFgdyKhG23CKdKgQPOBc+OUNrkJ2vr+KSzsSV5kq5iWhEQbok+quxgGzrAtGWCyU7tHnA==}
    engines: {node: '>=4.2.0'}
    hasBin: true
    dev: true
